
Microsoft Visual Studio Solution File, Format Version 12.00
# Visual Studio Version 16
VisualStudioVersion = 16.0.33130.400
MinimumVisualStudioVersion = 10.0.40219.1
Project("{9A19103F-16F7-4668-BE54-9A1E7A4F7556}") = "HealthcareMonitoring.Server", "HealthcareMonitoring\Server\HealthcareMonitoring.Server.csproj", "{73E7F0C7-AAC2-4463-A97B-49434D99B66E}"
EndProject
Project("{9A19103F-16F7-4668-BE54-9A1E7A4F7556}") = "HealthcareMonitoring.Client", "HealthcareMonitoring\Client\HealthcareMonitoring.Client.csproj", "{8962030B-AD74-452A-93BA-A7AAD7E11671}"
EndProject
Project("{9A19103F-16F7-4668-BE54-9A1E7A4F7556}") = "HealthcareMonitoring.Shared", "HealthcareMonitoring\Shared\HealthcareMonitoring.Shared.csproj", "{1DD87301-9646-4C18-9757-6AB2B07F57F1}"
EndProject
Global
	GlobalSection(SolutionConfigurationPlatforms) = preSolution
		Debug|Any CPU = Debug|Any CPU
		Release|Any CPU = Release|Any CPU
	EndGlobalSection
	GlobalSection(ProjectConfigurationPlatforms) = postSolution
		{73E7F0C7-AAC2-4463-A97B-49434D99B66E}.Debug|Any CPU.ActiveCfg = Debug|Any CPU
		{73E7F0C7-AAC2-4463-A97B-49434D99B66E}.Debug|Any CPU.Build.0 = Debug|Any CPU
		{73E7F0C7-AAC2-4463-A97B-49434D99B66E}.Release|Any CPU.ActiveCfg = Release|Any CPU
		{73E7F0C7-AAC2-4463-A97B-49434D99B66E}.Release|Any CPU.Build.0 = Release|Any CPU
		{8962030B-AD74-452A-93BA-A7AAD7E11671}.Debug|Any CPU.ActiveCfg = Debug|Any CPU
		{8962030B-AD74-452A-93BA-A7AAD7E11671}.Debug|Any CPU.Build.0 = Debug|Any CPU
		{8962030B-AD74-452A-93BA-A7AAD7E11671}.Release|Any CPU.ActiveCfg = Release|Any CPU
		{8962030B-AD74-452A-93BA-A7AAD7E11671}.Release|Any CPU.Build.0 = Release|Any CPU
		{1DD87301-9646-4C18-9757-6AB2B07F57F1}.Debug|Any CPU.ActiveCfg = Debug|Any CPU
		{1DD87301-9646-4C18-9757-6AB2B07F57F1}.Debug|Any CPU.Build.0 = Debug|Any CPU
		{1DD87301-9646-4C18-9757-6AB2B07F57F1}.Release|Any CPU.ActiveCfg = Release|Any CPU
		{1DD87301-9646-4C18-9757-6AB2B07F57F1}.Release|Any CPU.Build.0 = Release|Any CPU
	EndGlobalSection
	GlobalSection(SolutionProperties) = preSolution
		HideSolutionNode = FALSE
	EndGlobalSection
	GlobalSection(ExtensibilityGlobals) = postSolution
		SolutionGuid = {D6D6EB4F-5DE5-4FB5-9B61-54A1DBFA48CD}
	EndGlobalSection
EndGlobal
